// !$*UTF8*$!
{
	archiveVersion = 1;
	classes = {
	};
	objectVersion = 46;
	objects = {

/* Begin PBXFileReference section */
		81B18FC91D0ABEA400D52AF8 /* all.py */ = {isa = PBXFileReference; lastKnownFileType = text.script.python; name = all.py; path = ../all.py; sourceTree = "<group>"; };
		81B18FCA1D0ABEA400D52AF8 /* kplex-old.py */ = {isa = PBXFileReference; lastKnownFileType = text.script.python; name = "kplex-old.py"; path = "../kplex-old.py"; sourceTree = "<group>"; };
		81B18FCB1D0ABEA400D52AF8 /* kplex.py */ = {isa = PBXFileReference; lastKnownFileType = text.script.python; name = kplex.py; path = ../kplex.py; sourceTree = "<group>"; };
		81B18FCC1D0ABEA400D52AF8 /* noprun.py */ = {isa = PBXFileReference; lastKnownFileType = text.script.python; name = noprun.py; path = ../noprun.py; sourceTree = "<group>"; };
		81B18FCD1D0ABEA400D52AF8 /* pretty_file.py */ = {isa = PBXFileReference; lastKnownFileType = text.script.python; name = pretty_file.py; path = ../pretty_file.py; sourceTree = "<group>"; };
		81B18FCE1D0ABEA400D52AF8 /* prun.py */ = {isa = PBXFileReference; lastKnownFileType = text.script.python; name = prun.py; path = ../prun.py; sourceTree = "<group>"; };
		81B18FCF1D0ABEA400D52AF8 /* prun2-old.py */ = {isa = PBXFileReference; lastKnownFileType = text.script.python; name = "prun2-old.py"; path = "../prun2-old.py"; sourceTree = "<group>"; };
		81B18FD01D0ABEA400D52AF8 /* prun2.py */ = {isa = PBXFileReference; lastKnownFileType = text.script.python; name = prun2.py; path = ../prun2.py; sourceTree = "<group>"; };
		81B18FD11D0ABEA400D52AF8 /* prunconnected-old.py */ = {isa = PBXFileReference; lastKnownFileType = text.script.python; name = "prunconnected-old.py"; path = "../prunconnected-old.py"; sourceTree = "<group>"; };
		81B18FD21D0ABEA400D52AF8 /* prunconnected.py */ = {isa = PBXFileReference; lastKnownFileType = text.script.python; name = prunconnected.py; path = ../prunconnected.py; sourceTree = "<group>"; };
		81B18FD31D0ABEA400D52AF8 /* prunning.py */ = {isa = PBXFileReference; lastKnownFileType = text.script.python; name = prunning.py; path = ../prunning.py; sourceTree = "<group>"; };
		81B18FD41D0ABEA400D52AF8 /* readme.docx */ = {isa = PBXFileReference; lastKnownFileType = file; name = readme.docx; path = ../readme.docx; sourceTree = "<group>"; };
		81B18FD51D0ABEA400D52AF8 /* setup.py */ = {isa = PBXFileReference; lastKnownFileType = text.script.python; name = setup.py; path = ../setup.py; sourceTree = "<group>"; };
		81B18FD61D0ABEA400D52AF8 /* snap.py */ = {isa = PBXFileReference; lastKnownFileType = text.script.python; name = snap.py; path = ../snap.py; sourceTree = "<group>"; };
/* End PBXFileReference section */

/* Begin PBXGroup section */
		81B18FC21D0ABE7600D52AF8 = {
			isa = PBXGroup;
			children = (
				81B18FC91D0ABEA400D52AF8 /* all.py */,
				81B18FCA1D0ABEA400D52AF8 /* kplex-old.py */,
				81B18FCB1D0ABEA400D52AF8 /* kplex.py */,
				81B18FCC1D0ABEA400D52AF8 /* noprun.py */,
				81B18FCD1D0ABEA400D52AF8 /* pretty_file.py */,
				81B18FCE1D0ABEA400D52AF8 /* prun.py */,
				81B18FCF1D0ABEA400D52AF8 /* prun2-old.py */,
				81B18FD01D0ABEA400D52AF8 /* prun2.py */,
				81B18FD11D0ABEA400D52AF8 /* prunconnected-old.py */,
				81B18FD21D0ABEA400D52AF8 /* prunconnected.py */,
				81B18FD31D0ABEA400D52AF8 /* prunning.py */,
				81B18FD41D0ABEA400D52AF8 /* readme.docx */,
				81B18FD51D0ABEA400D52AF8 /* setup.py */,
				81B18FD61D0ABEA400D52AF8 /* snap.py */,
			);
			sourceTree = "<group>";
		};
/* End PBXGroup section */

/* Begin PBXProject section */
		81B18FC31D0ABE7600D52AF8 /* Project object */ = {
			isa = PBXProject;
			attributes = {
				LastUpgradeCheck = 0700;
			};
			buildConfigurationList = 81B18FC61D0ABE7600D52AF8 /* Build configuration list for PBXProject "kplex-no-improvements" */;
			compatibilityVersion = "Xcode 3.2";
			developmentRegion = English;
			hasScannedForEncodings = 0;
			knownRegions = (
				en,
			);
			mainGroup = 81B18FC21D0ABE7600D52AF8;
			projectDirPath = "";
			projectRoot = "";
			targets = (
			);
		};
/* End PBXProject section */

/* Begin XCBuildConfiguration section */
		81B18FC71D0ABE7600D52AF8 /* Debug */ = {
			isa = XCBuildConfiguration;
			buildSettings = {
			};
			name = Debug;
		};
		81B18FC81D0ABE7600D52AF8 /* Release */ = {
			isa = XCBuildConfiguration;
			buildSettings = {
			};
			name = Release;
		};
/* End XCBuildConfiguration section */

/* Begin XCConfigurationList section */
		81B18FC61D0ABE7600D52AF8 /* Build configuration list for PBXProject "kplex-no-improvements" */ = {
			isa = XCConfigurationList;
			buildConfigurations = (
				81B18FC71D0ABE7600D52AF8 /* Debug */,
				81B18FC81D0ABE7600D52AF8 /* Release */,
			);
			defaultConfigurationIsVisible = 0;
			defaultConfigurationName = Release;
		};
/* End XCConfigurationList section */
	};
	rootObject = 81B18FC31D0ABE7600D52AF8 /* Project object */;
}
